
Microsoft Visual Studio Solution File, Format Version 12.00
# Visual Studio 2012
Project("{FAE04EC0-301F-11D3-BF4B-00C04F79EFBC}") = "TimeAppWebEngine", "TimeAppWebEngine\TimeAppWebEngine.csproj", "{4A4CEAE7-733F-43AD-8734-EFB31C1BC238}"
EndProject
Project("{FAE04EC0-301F-11D3-BF4B-00C04F79EFBC}") = "DebugOnline", "DebugOnline\DebugOnline.csproj", "{D57B7D9D-897F-466C-8AE8-7E7FAF9DBD59}"
EndProject
Global
	GlobalSection(SolutionConfigurationPlatforms) = preSolution
		Debug|Any CPU = Debug|Any CPU
		Release|Any CPU = Release|Any CPU
	EndGlobalSection
	GlobalSection(ProjectConfigurationPlatforms) = postSolution
		{4A4CEAE7-733F-43AD-8734-EFB31C1BC238}.Debug|Any CPU.ActiveCfg = Debug|Any CPU
		{4A4CEAE7-733F-43AD-8734-EFB31C1BC238}.Debug|Any CPU.Build.0 = Debug|Any CPU
		{4A4CEAE7-733F-43AD-8734-EFB31C1BC238}.Release|Any CPU.ActiveCfg = Release|Any CPU
		{4A4CEAE7-733F-43AD-8734-EFB31C1BC238}.Release|Any CPU.Build.0 = Release|Any CPU
		{D57B7D9D-897F-466C-8AE8-7E7FAF9DBD59}.Debug|Any CPU.ActiveCfg = Debug|Any CPU
		{D57B7D9D-897F-466C-8AE8-7E7FAF9DBD59}.Debug|Any CPU.Build.0 = Debug|Any CPU
		{D57B7D9D-897F-466C-8AE8-7E7FAF9DBD59}.Release|Any CPU.ActiveCfg = Release|Any CPU
		{D57B7D9D-897F-466C-8AE8-7E7FAF9DBD59}.Release|Any CPU.Build.0 = Release|Any CPU
	EndGlobalSection
	GlobalSection(SolutionProperties) = preSolution
		HideSolutionNode = FALSE
	EndGlobalSection
EndGlobal
